// !$*UTF8*$!
{
	archiveVersion = 1;
	classes = {
	};
	objectVersion = 46;
	objects = {

/* Begin PBXBuildFile section */
		0A883D3D1D23E3A300E8F3C6 /* Makefile in Sources */ = {isa = PBXBuildFile; fileRef = 0A883D341D23E3A300E8F3C6 /* Makefile */; };
		0A883D3F1D2404BB00E8F3C6 /* Makefile in Sources */ = {isa = PBXBuildFile; fileRef = 0A883D3E1D2404BB00E8F3C6 /* Makefile */; };
		0A883D451D2404EC00E8F3C6 /* unc_tools.cpp in Sources */ = {isa = PBXBuildFile; fileRef = 0A883D421D2404EC00E8F3C6 /* unc_tools.cpp */; };
		0ACE704A1CB83EA800F7EC83 /* options_for_QT.cpp in Sources */ = {isa = PBXBuildFile; fileRef = 0ACE70481CB83EA800F7EC83 /* options_for_QT.cpp */; };
		3DFFDA27154983A800A1185B /* compat_posix.cpp in Sources */ = {isa = PBXBuildFile; fileRef = 3DFFDA26154983A800A1185B /* compat_posix.cpp */; };
		65536847107EB7FA00E08A01 /* align.cpp in Sources */ = {isa = PBXBuildFile; fileRef = 6553680F107EB7FA00E08A01 /* align.cpp */; };
		65536848107EB7FA00E08A01 /* align_stack.cpp in Sources */ = {isa = PBXBuildFile; fileRef = 65536810107EB7FA00E08A01 /* align_stack.cpp */; };
		65536849107EB7FA00E08A01 /* args.cpp in Sources */ = {isa = PBXBuildFile; fileRef = 65536812107EB7FA00E08A01 /* args.cpp */; };
		6553684A107EB7FA00E08A01 /* backup.cpp in Sources */ = {isa = PBXBuildFile; fileRef = 65536814107EB7FA00E08A01 /* backup.cpp */; };
		6553684B107EB7FA00E08A01 /* brace_cleanup.cpp in Sources */ = {isa = PBXBuildFile; fileRef = 65536817107EB7FA00E08A01 /* brace_cleanup.cpp */; };
		6553684C107EB7FA00E08A01 /* braces.cpp in Sources */ = {isa = PBXBuildFile; fileRef = 65536818107EB7FA00E08A01 /* braces.cpp */; };
		6553684D107EB7FA00E08A01 /* chunk_list.cpp in Sources */ = {isa = PBXBuildFile; fileRef = 6553681A107EB7FA00E08A01 /* chunk_list.cpp */; };
		6553684E107EB7FA00E08A01 /* ChunkStack.cpp in Sources */ = {isa = PBXBuildFile; fileRef = 6553681C107EB7FA00E08A01 /* ChunkStack.cpp */; };
		6553684F107EB7FA00E08A01 /* combine.cpp in Sources */ = {isa = PBXBuildFile; fileRef = 6553681E107EB7FA00E08A01 /* combine.cpp */; };
		65536851107EB7FA00E08A01 /* defines.cpp in Sources */ = {isa = PBXBuildFile; fileRef = 65536822107EB7FA00E08A01 /* defines.cpp */; };
		65536852107EB7FA00E08A01 /* detect.cpp in Sources */ = {isa = PBXBuildFile; fileRef = 65536823107EB7FA00E08A01 /* detect.cpp */; };
		65536853107EB7FA00E08A01 /* indent.cpp in Sources */ = {isa = PBXBuildFile; fileRef = 65536824107EB7FA00E08A01 /* indent.cpp */; };
		65536854107EB7FA00E08A01 /* keywords.cpp in Sources */ = {isa = PBXBuildFile; fileRef = 65536825107EB7FA00E08A01 /* keywords.cpp */; };
		65536855107EB7FA00E08A01 /* lang_pawn.cpp in Sources */ = {isa = PBXBuildFile; fileRef = 65536826107EB7FA00E08A01 /* lang_pawn.cpp */; };
		65536856107EB7FA00E08A01 /* logger.cpp in Sources */ = {isa = PBXBuildFile; fileRef = 65536829107EB7FA00E08A01 /* logger.cpp */; };
		65536857107EB7FA00E08A01 /* logmask.cpp in Sources */ = {isa = PBXBuildFile; fileRef = 6553682B107EB7FA00E08A01 /* logmask.cpp */; };
		65536858107EB7FA00E08A01 /* md5.cpp in Sources */ = {isa = PBXBuildFile; fileRef = 6553682F107EB7FA00E08A01 /* md5.cpp */; };
		65536859107EB7FA00E08A01 /* newlines.cpp in Sources */ = {isa = PBXBuildFile; fileRef = 65536831107EB7FA00E08A01 /* newlines.cpp */; };
		6553685A107EB7FA00E08A01 /* options.cpp in Sources */ = {isa = PBXBuildFile; fileRef = 65536832107EB7FA00E08A01 /* options.cpp */; };
		6553685B107EB7FA00E08A01 /* output.cpp in Sources */ = {isa = PBXBuildFile; fileRef = 65536834107EB7FA00E08A01 /* output.cpp */; };
		6553685C107EB7FA00E08A01 /* parens.cpp in Sources */ = {isa = PBXBuildFile; fileRef = 65536835107EB7FA00E08A01 /* parens.cpp */; };
		6553685D107EB7FA00E08A01 /* parse_frame.cpp in Sources */ = {isa = PBXBuildFile; fileRef = 65536836107EB7FA00E08A01 /* parse_frame.cpp */; };
		6553685E107EB7FA00E08A01 /* punctuators.cpp in Sources */ = {isa = PBXBuildFile; fileRef = 65536838107EB7FA00E08A01 /* punctuators.cpp */; };
		6553685F107EB7FA00E08A01 /* semicolons.cpp in Sources */ = {isa = PBXBuildFile; fileRef = 6553683A107EB7FA00E08A01 /* semicolons.cpp */; };
		65536860107EB7FA00E08A01 /* sorting.cpp in Sources */ = {isa = PBXBuildFile; fileRef = 6553683B107EB7FA00E08A01 /* sorting.cpp */; };
		65536861107EB7FA00E08A01 /* space.cpp in Sources */ = {isa = PBXBuildFile; fileRef = 6553683C107EB7FA00E08A01 /* space.cpp */; };
		65536862107EB7FA00E08A01 /* tokenize.cpp in Sources */ = {isa = PBXBuildFile; fileRef = 6553683F107EB7FA00E08A01 /* tokenize.cpp */; };
		65536863107EB7FA00E08A01 /* tokenize_cleanup.cpp in Sources */ = {isa = PBXBuildFile; fileRef = 65536840107EB7FA00E08A01 /* tokenize_cleanup.cpp */; };
		65536864107EB7FA00E08A01 /* uncrustify.cpp in Sources */ = {isa = PBXBuildFile; fileRef = 65536842107EB7FA00E08A01 /* uncrustify.cpp */; };
		65536865107EB7FA00E08A01 /* universalindentgui.cpp in Sources */ = {isa = PBXBuildFile; fileRef = 65536845107EB7FA00E08A01 /* universalindentgui.cpp */; };
		65536866107EB7FA00E08A01 /* width.cpp in Sources */ = {isa = PBXBuildFile; fileRef = 65536846107EB7FA00E08A01 /* width.cpp */; };
		65536892107EB9B600E08A01 /* uncrustify.1 in Install Man Page */ = {isa = PBXBuildFile; fileRef = 655367CB107EB73F00E08A01 /* uncrustify.1 */; };
		65DB4DD71084D577005E7765 /* uncrustify in Copy to 'src' where tests expect it */ = {isa = PBXBuildFile; fileRef = 8DD76F6C0486A84900D96B5E /* uncrustify */; };
		89794F7214544FD900E38ACC /* unc_text.cpp in Sources */ = {isa = PBXBuildFile; fileRef = 89794F7114544FD900E38ACC /* unc_text.cpp */; };
		89794F741454502900E38ACC /* unicode.cpp in Sources */ = {isa = PBXBuildFile; fileRef = 89794F731454502900E38ACC /* unicode.cpp */; };
/* End PBXBuildFile section */

/* Begin PBXCopyFilesBuildPhase section */
		65DB4DD61084D563005E7765 /* Copy to 'src' where tests expect it */ = {
			isa = PBXCopyFilesBuildPhase;
			buildActionMask = 2147483647;
			dstPath = "${PROJECT_DIR}/src";
			dstSubfolderSpec = 0;
			files = (
				65DB4DD71084D577005E7765 /* uncrustify in Copy to 'src' where tests expect it */,
			);
			name = "Copy to 'src' where tests expect it";
			runOnlyForDeploymentPostprocessing = 0;
		};
		8DD76F690486A84900D96B5E /* Install Man Page */ = {
			isa = PBXCopyFilesBuildPhase;
			buildActionMask = 8;
			dstPath = /usr/share/man/man1/;
			dstSubfolderSpec = 0;
			files = (
				65536892107EB9B600E08A01 /* uncrustify.1 in Install Man Page */,
			);
			name = "Install Man Page";
			runOnlyForDeploymentPostprocessing = 1;
		};
/* End PBXCopyFilesBuildPhase section */

/* Begin PBXFileReference section */
		0A883D1D1D23642F00E8F3C6 /* etc */ = {isa = PBXFileReference; lastKnownFileType = folder; path = etc; sourceTree = "<group>"; };
		0A883D1E1D23642F00E8F3C6 /* scripts */ = {isa = PBXFileReference; lastKnownFileType = folder; path = scripts; sourceTree = "<group>"; };
		0A883D1F1D23642F00E8F3C6 /* tests */ = {isa = PBXFileReference; lastKnownFileType = folder; path = tests; sourceTree = "<group>"; };
		0A883D201D23642F00E8F3C6 /* win32 */ = {isa = PBXFileReference; lastKnownFileType = folder; path = win32; sourceTree = "<group>"; };
		0A883D211D23643C00E8F3C6 /* osx */ = {isa = PBXFileReference; lastKnownFileType = folder; path = osx; sourceTree = "<group>"; };
		0A883D221D23E3A200E8F3C6 /* aclocal.m4 */ = {isa = PBXFileReference; fileEncoding = 4; lastKnownFileType = text; path = aclocal.m4; sourceTree = "<group>"; };
		0A883D241D23E3A200E8F3C6 /* CMakeLists.txt */ = {isa = PBXFileReference; fileEncoding = 4; lastKnownFileType = text; path = CMakeLists.txt; sourceTree = "<group>"; };
		0A883D251D23E3A200E8F3C6 /* Comments.txt */ = {isa = PBXFileReference; fileEncoding = 4; lastKnownFileType = text; path = Comments.txt; sourceTree = "<group>"; };
		0A883D261D23E3A200E8F3C6 /* commit.log */ = {isa = PBXFileReference; fileEncoding = 4; lastKnownFileType = text; path = commit.log; sourceTree = "<group>"; };
		0A883D271D23E3A200E8F3C6 /* compile */ = {isa = PBXFileReference; fileEncoding = 4; lastKnownFileType = text.script.sh; path = compile; sourceTree = "<group>"; };
		0A883D281D23E3A200E8F3C6 /* config.guess */ = {isa = PBXFileReference; fileEncoding = 4; lastKnownFileType = text.script.sh; path = config.guess; sourceTree = "<group>"; };
		0A883D291D23E3A200E8F3C6 /* config.log */ = {isa = PBXFileReference; fileEncoding = 4; lastKnownFileType = text; path = config.log; sourceTree = "<group>"; };
		0A883D2A1D23E3A200E8F3C6 /* config.status */ = {isa = PBXFileReference; fileEncoding = 4; lastKnownFileType = text.script.sh; path = config.status; sourceTree = "<group>"; };
		0A883D2B1D23E3A200E8F3C6 /* config.sub */ = {isa = PBXFileReference; fileEncoding = 4; lastKnownFileType = text.script.sh; path = config.sub; sourceTree = "<group>"; };
		0A883D2C1D23E3A200E8F3C6 /* configure */ = {isa = PBXFileReference; fileEncoding = 4; lastKnownFileType = text.script.sh; path = configure; sourceTree = "<group>"; };
		0A883D2D1D23E3A200E8F3C6 /* configure.ac */ = {isa = PBXFileReference; fileEncoding = 4; lastKnownFileType = text; path = configure.ac; sourceTree = "<group>"; };
		0A883D2E1D23E3A300E8F3C6 /* extras.vpj */ = {isa = PBXFileReference; fileEncoding = 4; lastKnownFileType = text; path = extras.vpj; sourceTree = "<group>"; };
		0A883D2F1D23E3A300E8F3C6 /* forUncrustifySources.cfg */ = {isa = PBXFileReference; fileEncoding = 4; lastKnownFileType = text; path = forUncrustifySources.cfg; sourceTree = "<group>"; };
		0A883D301D23E3A300E8F3C6 /* forUncrustifySources.txt */ = {isa = PBXFileReference; fileEncoding = 4; lastKnownFileType = text; path = forUncrustifySources.txt; sourceTree = "<group>"; };
		0A883D311D23E3A300E8F3C6 /* install-sh */ = {isa = PBXFileReference; fileEncoding = 4; lastKnownFileType = text.script.sh; path = "install-sh"; sourceTree = "<group>"; };
		0A883D321D23E3A300E8F3C6 /* make_version.py */ = {isa = PBXFileReference; fileEncoding = 4; lastKnownFileType = text.script.python; path = make_version.py; sourceTree = "<group>"; };
		0A883D331D23E3A300E8F3C6 /* make_win32.sh */ = {isa = PBXFileReference; fileEncoding = 4; lastKnownFileType = text.script.sh; path = make_win32.sh; sourceTree = "<group>"; };
		0A883D341D23E3A300E8F3C6 /* Makefile */ = {isa = PBXFileReference; fileEncoding = 4; lastKnownFileType = sourcecode.make; path = Makefile; sourceTree = "<group>"; };
		0A883D351D23E3A300E8F3C6 /* Makefile.am */ = {isa = PBXFileReference; fileEncoding = 4; lastKnownFileType = text; path = Makefile.am; sourceTree = "<group>"; };
		0A883D361D23E3A300E8F3C6 /* missing */ = {isa = PBXFileReference; fileEncoding = 4; lastKnownFileType = text.script.sh; path = missing; sourceTree = "<group>"; };
		0A883D371D23E3A300E8F3C6 /* package.json */ = {isa = PBXFileReference; fileEncoding = 4; lastKnownFileType = text.json; path = package.json; sourceTree = "<group>"; };
		0A883D381D23E3A300E8F3C6 /* test-driver */ = {isa = PBXFileReference; fileEncoding = 4; lastKnownFileType = text.script.sh; path = "test-driver"; sourceTree = "<group>"; };
		0A883D391D23E3A300E8F3C6 /* TESTING */ = {isa = PBXFileReference; fileEncoding = 4; lastKnownFileType = text; path = TESTING; sourceTree = "<group>"; };
		0A883D3A1D23E3A300E8F3C6 /* uncrustify.vpj */ = {isa = PBXFileReference; fileEncoding = 4; lastKnownFileType = text; path = uncrustify.vpj; sourceTree = "<group>"; };
		0A883D3B1D23E3A300E8F3C6 /* uncrustify.vpw */ = {isa = PBXFileReference; fileEncoding = 4; lastKnownFileType = text; path = uncrustify.vpw; sourceTree = "<group>"; };
		0A883D3C1D23E3A300E8F3C6 /* working.txt */ = {isa = PBXFileReference; fileEncoding = 4; lastKnownFileType = text; path = working.txt; sourceTree = "<group>"; };
		0A883D3E1D2404BB00E8F3C6 /* Makefile */ = {isa = PBXFileReference; fileEncoding = 4; lastKnownFileType = sourcecode.make; path = Makefile; sourceTree = "<group>"; };
		0A883D401D2404EC00E8F3C6 /* stamp-h1 */ = {isa = PBXFileReference; fileEncoding = 4; lastKnownFileType = text; path = "stamp-h1"; sourceTree = "<group>"; };
		0A883D411D2404EC00E8F3C6 /* unc_text.h */ = {isa = PBXFileReference; fileEncoding = 4; lastKnownFileType = sourcecode.c.h; path = unc_text.h; sourceTree = "<group>"; };
		0A883D421D2404EC00E8F3C6 /* unc_tools.cpp */ = {isa = PBXFileReference; fileEncoding = 4; lastKnownFileType = sourcecode.cpp.cpp; path = unc_tools.cpp; sourceTree = "<group>"; };
		0A883D431D2404EC00E8F3C6 /* unc_tools.h */ = {isa = PBXFileReference; fileEncoding = 4; lastKnownFileType = sourcecode.c.h; path = unc_tools.h; sourceTree = "<group>"; };
		0A883D441D2404EC00E8F3C6 /* uncrustify_version.h.in */ = {isa = PBXFileReference; fileEncoding = 4; lastKnownFileType = text; path = uncrustify_version.h.in; sourceTree = "<group>"; };
		0ACE70481CB83EA800F7EC83 /* options_for_QT.cpp */ = {isa = PBXFileReference; fileEncoding = 4; lastKnownFileType = sourcecode.cpp.cpp; path = options_for_QT.cpp; sourceTree = "<group>"; };
		0ACE70491CB83EA800F7EC83 /* options_for_QT.h */ = {isa = PBXFileReference; fileEncoding = 4; lastKnownFileType = sourcecode.c.h; path = options_for_QT.h; sourceTree = "<group>"; };
		3DFFDA26154983A800A1185B /* compat_posix.cpp */ = {isa = PBXFileReference; fileEncoding = 4; lastKnownFileType = sourcecode.cpp.cpp; path = compat_posix.cpp; sourceTree = "<group>"; };
		6553629F107EB5B800E08A01 /* AUTHORS */ = {isa = PBXFileReference; fileEncoding = 4; lastKnownFileType = text; path = AUTHORS; sourceTree = "<group>"; };
		655362A0107EB5B900E08A01 /* BUGS */ = {isa = PBXFileReference; fileEncoding = 4; lastKnownFileType = text; path = BUGS; sourceTree = "<group>"; };
		655362A1107EB5B900E08A01 /* COPYING */ = {isa = PBXFileReference; fileEncoding = 4; lastKnownFileType = text; path = COPYING; sourceTree = "<group>"; };
		655362A2107EB5B900E08A01 /* HELP */ = {isa = PBXFileReference; fileEncoding = 4; lastKnownFileType = text; path = HELP; sourceTree = "<group>"; };
		655362A3107EB5B900E08A01 /* INSTALL */ = {isa = PBXFileReference; fileEncoding = 4; lastKnownFileType = text; path = INSTALL; sourceTree = "<group>"; };
		655362A4107EB5B900E08A01 /* NEWS */ = {isa = PBXFileReference; fileEncoding = 4; lastKnownFileType = text; path = NEWS; sourceTree = "<group>"; };
		655362A5107EB5B900E08A01 /* README.md */ = {isa = PBXFileReference; fileEncoding = 4; lastKnownFileType = net.daringfireball.markdown; path = README.md; sourceTree = "<group>"; };
		655362AA107EB67900E08A01 /* Makefile.in */ = {isa = PBXFileReference; fileEncoding = 4; lastKnownFileType = text; path = Makefile.in; sourceTree = "<group>"; };
		655362AB107EB67900E08A01 /* release-steps.txt */ = {isa = PBXFileReference; fileEncoding = 4; lastKnownFileType = text; path = "release-steps.txt"; sourceTree = "<group>"; };
		655362AD107EB67900E08A01 /* autogen.sh */ = {isa = PBXFileReference; fileEncoding = 4; lastKnownFileType = text.script.sh; path = autogen.sh; sourceTree = "<group>"; };
		655362B0107EB67900E08A01 /* make_token_names.sh */ = {isa = PBXFileReference; fileEncoding = 4; lastKnownFileType = text.script.sh; path = make_token_names.sh; sourceTree = "<group>"; };
		655362B1107EB67900E08A01 /* run_tests.sh */ = {isa = PBXFileReference; fileEncoding = 4; lastKnownFileType = text.script.sh; path = run_tests.sh; sourceTree = "<group>"; };
		655367C9107EB73F00E08A01 /* Makefile.am */ = {isa = PBXFileReference; fileEncoding = 4; lastKnownFileType = text; path = Makefile.am; sourceTree = "<group>"; };
		655367CA107EB73F00E08A01 /* Makefile.in */ = {isa = PBXFileReference; fileEncoding = 4; lastKnownFileType = text; path = Makefile.in; sourceTree = "<group>"; };
		655367CB107EB73F00E08A01 /* uncrustify.1 */ = {isa = PBXFileReference; fileEncoding = 4; lastKnownFileType = text.man; path = uncrustify.1; sourceTree = "<group>"; };
		6553680F107EB7FA00E08A01 /* align.cpp */ = {isa = PBXFileReference; fileEncoding = 4; lastKnownFileType = sourcecode.cpp.cpp; path = align.cpp; sourceTree = "<group>"; };
		65536810107EB7FA00E08A01 /* align_stack.cpp */ = {isa = PBXFileReference; fileEncoding = 4; lastKnownFileType = sourcecode.cpp.cpp; path = align_stack.cpp; sourceTree = "<group>"; };
		65536811107EB7FA00E08A01 /* align_stack.h */ = {isa = PBXFileReference; fileEncoding = 4; lastKnownFileType = sourcecode.c.h; path = align_stack.h; sourceTree = "<group>"; };
		65536812107EB7FA00E08A01 /* args.cpp */ = {isa = PBXFileReference; fileEncoding = 4; lastKnownFileType = sourcecode.cpp.cpp; path = args.cpp; sourceTree = "<group>"; };
		65536813107EB7FA00E08A01 /* args.h */ = {isa = PBXFileReference; fileEncoding = 4; lastKnownFileType = sourcecode.c.h; path = args.h; sourceTree = "<group>"; };
		65536814107EB7FA00E08A01 /* backup.cpp */ = {isa = PBXFileReference; fileEncoding = 4; lastKnownFileType = sourcecode.cpp.cpp; path = backup.cpp; sourceTree = "<group>"; };
		65536815107EB7FA00E08A01 /* backup.h */ = {isa = PBXFileReference; fileEncoding = 4; lastKnownFileType = sourcecode.c.h; path = backup.h; sourceTree = "<group>"; };
		65536816107EB7FA00E08A01 /* base_types.h */ = {isa = PBXFileReference; fileEncoding = 4; lastKnownFileType = sourcecode.c.h; path = base_types.h; sourceTree = "<group>"; };
		65536817107EB7FA00E08A01 /* brace_cleanup.cpp */ = {isa = PBXFileReference; fileEncoding = 4; lastKnownFileType = sourcecode.cpp.cpp; path = brace_cleanup.cpp; sourceTree = "<group>"; };
		65536818107EB7FA00E08A01 /* braces.cpp */ = {isa = PBXFileReference; fileEncoding = 4; lastKnownFileType = sourcecode.cpp.cpp; path = braces.cpp; sourceTree = "<group>"; };
		65536819107EB7FA00E08A01 /* char_table.h */ = {isa = PBXFileReference; fileEncoding = 4; lastKnownFileType = sourcecode.c.h; path = char_table.h; sourceTree = "<group>"; };
		6553681A107EB7FA00E08A01 /* chunk_list.cpp */ = {isa = PBXFileReference; fileEncoding = 4; lastKnownFileType = sourcecode.cpp.cpp; path = chunk_list.cpp; sourceTree = "<group>"; };
		6553681B107EB7FA00E08A01 /* chunk_list.h */ = {isa = PBXFileReference; fileEncoding = 4; lastKnownFileType = sourcecode.c.h; path = chunk_list.h; sourceTree = "<group>"; };
		6553681C107EB7FA00E08A01 /* ChunkStack.cpp */ = {isa = PBXFileReference; fileEncoding = 4; lastKnownFileType = sourcecode.cpp.cpp; path = ChunkStack.cpp; sourceTree = "<group>"; };
		6553681D107EB7FA00E08A01 /* ChunkStack.h */ = {isa = PBXFileReference; fileEncoding = 4; lastKnownFileType = sourcecode.c.h; path = ChunkStack.h; sourceTree = "<group>"; };
		6553681E107EB7FA00E08A01 /* combine.cpp */ = {isa = PBXFileReference; fileEncoding = 4; lastKnownFileType = sourcecode.cpp.cpp; path = combine.cpp; sourceTree = "<group>"; };
		6553681F107EB7FA00E08A01 /* config.h */ = {isa = PBXFileReference; fileEncoding = 4; lastKnownFileType = sourcecode.c.h; path = config.h; sourceTree = "<group>"; };
		65536820107EB7FA00E08A01 /* config.h.in */ = {isa = PBXFileReference; fileEncoding = 4; lastKnownFileType = text; path = config.h.in; sourceTree = "<group>"; };
		65536822107EB7FA00E08A01 /* defines.cpp */ = {isa = PBXFileReference; fileEncoding = 4; lastKnownFileType = sourcecode.cpp.cpp; path = defines.cpp; sourceTree = "<group>"; };
		65536823107EB7FA00E08A01 /* detect.cpp */ = {isa = PBXFileReference; fileEncoding = 4; lastKnownFileType = sourcecode.cpp.cpp; path = detect.cpp; sourceTree = "<group>"; };
		65536824107EB7FA00E08A01 /* indent.cpp */ = {isa = PBXFileReference; fileEncoding = 4; lastKnownFileType = sourcecode.cpp.cpp; path = indent.cpp; sourceTree = "<group>"; };
		65536825107EB7FA00E08A01 /* keywords.cpp */ = {isa = PBXFileReference; fileEncoding = 4; lastKnownFileType = sourcecode.cpp.cpp; path = keywords.cpp; sourceTree = "<group>"; };
		65536826107EB7FA00E08A01 /* lang_pawn.cpp */ = {isa = PBXFileReference; fileEncoding = 4; lastKnownFileType = sourcecode.cpp.cpp; path = lang_pawn.cpp; sourceTree = "<group>"; };
		65536827107EB7FA00E08A01 /* ListManager.h */ = {isa = PBXFileReference; fileEncoding = 4; lastKnownFileType = sourcecode.c.h; path = ListManager.h; sourceTree = "<group>"; };
		65536828107EB7FA00E08A01 /* log_levels.h */ = {isa = PBXFileReference; fileEncoding = 4; lastKnownFileType = sourcecode.c.h; path = log_levels.h; sourceTree = "<group>"; };
		65536829107EB7FA00E08A01 /* logger.cpp */ = {isa = PBXFileReference; fileEncoding = 4; lastKnownFileType = sourcecode.cpp.cpp; path = logger.cpp; sourceTree = "<group>"; };
		6553682A107EB7FA00E08A01 /* logger.h */ = {isa = PBXFileReference; fileEncoding = 4; lastKnownFileType = sourcecode.c.h; path = logger.h; sourceTree = "<group>"; };
		6553682B107EB7FA00E08A01 /* logmask.cpp */ = {isa = PBXFileReference; fileEncoding = 4; lastKnownFileType = sourcecode.cpp.cpp; path = logmask.cpp; sourceTree = "<group>"; };
		6553682C107EB7FA00E08A01 /* logmask.h */ = {isa = PBXFileReference; fileEncoding = 4; lastKnownFileType = sourcecode.c.h; path = logmask.h; sourceTree = "<group>"; };
		6553682D107EB7FA00E08A01 /* Makefile.am */ = {isa = PBXFileReference; fileEncoding = 4; lastKnownFileType = text; path = Makefile.am; sourceTree = "<group>"; };
		6553682E107EB7FA00E08A01 /* Makefile.in */ = {isa = PBXFileReference; fileEncoding = 4; lastKnownFileType = text; path = Makefile.in; sourceTree = "<group>"; };
		6553682F107EB7FA00E08A01 /* md5.cpp */ = {isa = PBXFileReference; fileEncoding = 4; lastKnownFileType = sourcecode.cpp.cpp; path = md5.cpp; sourceTree = "<group>"; };
		65536830107EB7FA00E08A01 /* md5.h */ = {isa = PBXFileReference; fileEncoding = 4; lastKnownFileType = sourcecode.c.h; path = md5.h; sourceTree = "<group>"; };
		65536831107EB7FA00E08A01 /* newlines.cpp */ = {isa = PBXFileReference; fileEncoding = 4; lastKnownFileType = sourcecode.cpp.cpp; path = newlines.cpp; sourceTree = "<group>"; };
		65536832107EB7FA00E08A01 /* options.cpp */ = {isa = PBXFileReference; fileEncoding = 4; lastKnownFileType = sourcecode.cpp.cpp; path = options.cpp; sourceTree = "<group>"; };
		65536833107EB7FA00E08A01 /* options.h */ = {isa = PBXFileReference; fileEncoding = 4; lastKnownFileType = sourcecode.c.h; path = options.h; sourceTree = "<group>"; };
		65536834107EB7FA00E08A01 /* output.cpp */ = {isa = PBXFileReference; fileEncoding = 4; lastKnownFileType = sourcecode.cpp.cpp; path = output.cpp; sourceTree = "<group>"; };
		65536835107EB7FA00E08A01 /* parens.cpp */ = {isa = PBXFileReference; fileEncoding = 4; lastKnownFileType = sourcecode.cpp.cpp; path = parens.cpp; sourceTree = "<group>"; };
		65536836107EB7FA00E08A01 /* parse_frame.cpp */ = {isa = PBXFileReference; fileEncoding = 4; lastKnownFileType = sourcecode.cpp.cpp; path = parse_frame.cpp; sourceTree = "<group>"; };
		65536837107EB7FA00E08A01 /* prototypes.h */ = {isa = PBXFileReference; fileEncoding = 4; lastKnownFileType = sourcecode.c.h; path = prototypes.h; sourceTree = "<group>"; };
		65536838107EB7FA00E08A01 /* punctuators.cpp */ = {isa = PBXFileReference; fileEncoding = 4; lastKnownFileType = sourcecode.cpp.cpp; path = punctuators.cpp; sourceTree = "<group>"; };
		65536839107EB7FA00E08A01 /* punctuators.h */ = {isa = PBXFileReference; fileEncoding = 4; lastKnownFileType = sourcecode.c.h; path = punctuators.h; sourceTree = "<group>"; };
		6553683A107EB7FA00E08A01 /* semicolons.cpp */ = {isa = PBXFileReference; fileEncoding = 4; lastKnownFileType = sourcecode.cpp.cpp; path = semicolons.cpp; sourceTree = "<group>"; };
		6553683B107EB7FA00E08A01 /* sorting.cpp */ = {isa = PBXFileReference; fileEncoding = 4; lastKnownFileType = sourcecode.cpp.cpp; path = sorting.cpp; sourceTree = "<group>"; };
		6553683C107EB7FA00E08A01 /* space.cpp */ = {isa = PBXFileReference; fileEncoding = 4; lastKnownFileType = sourcecode.cpp.cpp; path = space.cpp; sourceTree = "<group>"; };
		6553683D107EB7FA00E08A01 /* token_enum.h */ = {isa = PBXFileReference; fileEncoding = 4; lastKnownFileType = sourcecode.c.h; path = token_enum.h; sourceTree = "<group>"; };
		6553683E107EB7FA00E08A01 /* token_names.h */ = {isa = PBXFileReference; fileEncoding = 4; lastKnownFileType = sourcecode.c.h; path = token_names.h; sourceTree = "<group>"; };
		6553683F107EB7FA00E08A01 /* tokenize.cpp */ = {isa = PBXFileReference; fileEncoding = 4; lastKnownFileType = sourcecode.cpp.cpp; path = tokenize.cpp; sourceTree = "<group>"; };
		65536840107EB7FA00E08A01 /* tokenize_cleanup.cpp */ = {isa = PBXFileReference; fileEncoding = 4; lastKnownFileType = sourcecode.cpp.cpp; path = tokenize_cleanup.cpp; sourceTree = "<group>"; };
		65536841107EB7FA00E08A01 /* unc_ctype.h */ = {isa = PBXFileReference; fileEncoding = 4; lastKnownFileType = sourcecode.c.h; path = unc_ctype.h; sourceTree = "<group>"; };
		65536842107EB7FA00E08A01 /* uncrustify.cpp */ = {isa = PBXFileReference; fileEncoding = 4; lastKnownFileType = sourcecode.cpp.cpp; path = uncrustify.cpp; sourceTree = "<group>"; };
		65536843107EB7FA00E08A01 /* uncrustify_types.h */ = {isa = PBXFileReference; fileEncoding = 4; lastKnownFileType = sourcecode.c.h; path = uncrustify_types.h; sourceTree = "<group>"; };
		65536844107EB7FA00E08A01 /* uncrustify_version.h */ = {isa = PBXFileReference; fileEncoding = 4; lastKnownFileType = sourcecode.c.h; path = uncrustify_version.h; sourceTree = "<group>"; };
		65536845107EB7FA00E08A01 /* universalindentgui.cpp */ = {isa = PBXFileReference; fileEncoding = 4; lastKnownFileType = sourcecode.cpp.cpp; path = universalindentgui.cpp; sourceTree = "<group>"; };
		65536846107EB7FA00E08A01 /* width.cpp */ = {isa = PBXFileReference; fileEncoding = 4; lastKnownFileType = sourcecode.cpp.cpp; path = width.cpp; sourceTree = "<group>"; };
		65B887C61082CBBD00D10769 /* example.c */ = {isa = PBXFileReference; fileEncoding = 4; lastKnownFileType = sourcecode.c.c; name = example.c; path = documentation/example.c; sourceTree = "<group>"; };
		65B887C81082CBBD00D10769 /* align-thresholds.txt */ = {isa = PBXFileReference; fileEncoding = 4; lastKnownFileType = text; name = "align-thresholds.txt"; path = "documentation/align-thresholds.txt"; sourceTree = "<group>"; };
		65B887C91082CBBD00D10769 /* goals.txt */ = {isa = PBXFileReference; fileEncoding = 4; lastKnownFileType = text; name = goals.txt; path = documentation/goals.txt; sourceTree = "<group>"; };
		65B887CA1082CBBD00D10769 /* paren_stack.txt */ = {isa = PBXFileReference; fileEncoding = 4; lastKnownFileType = text; name = paren_stack.txt; path = documentation/paren_stack.txt; sourceTree = "<group>"; };
		65B887CB1082CBBD00D10769 /* theory.txt */ = {isa = PBXFileReference; fileEncoding = 4; lastKnownFileType = text; name = theory.txt; path = documentation/theory.txt; sourceTree = "<group>"; };
		65DB4E1D1084D99C005E7765 /* ben.cfg.txt */ = {isa = PBXFileReference; fileEncoding = 4; lastKnownFileType = text; path = ben.cfg.txt; sourceTree = "<group>"; };
		65DB4E1E1084D99C005E7765 /* ChangeLog */ = {isa = PBXFileReference; fileEncoding = 4; lastKnownFileType = text; name = ChangeLog; path = ../../ChangeLog; sourceTree = "<group>"; };
		65DB4E1F1084D99C005E7765 /* config.txt */ = {isa = PBXFileReference; fileEncoding = 4; lastKnownFileType = text; path = config.txt; sourceTree = "<group>"; };
		65DB4E201084D99C005E7765 /* configuration.txt */ = {isa = PBXFileReference; fileEncoding = 4; lastKnownFileType = text; path = configuration.txt; sourceTree = "<group>"; };
		65DB4E211084D99C005E7765 /* default.cfg */ = {isa = PBXFileReference; fileEncoding = 4; lastKnownFileType = text; path = default.cfg; sourceTree = "<group>"; };
		65DB4E231084D99C005E7765 /* c-1.in.c */ = {isa = PBXFileReference; fileEncoding = 4; lastKnownFileType = sourcecode.c.c; path = "c-1.in.c"; sourceTree = "<group>"; };
		65DB4E241084D99C005E7765 /* c-1.out.c */ = {isa = PBXFileReference; fileEncoding = 4; lastKnownFileType = sourcecode.c.c; path = "c-1.out.c"; sourceTree = "<group>"; };
		65DB4E251084D99C005E7765 /* example.c */ = {isa = PBXFileReference; fileEncoding = 4; lastKnownFileType = sourcecode.c.c; path = example.c; sourceTree = "<group>"; };
		65DB4E271084D99C005E7765 /* linuxlinks.gif */ = {isa = PBXFileReference; lastKnownFileType = image.gif; path = linuxlinks.gif; sourceTree = "<group>"; };
		65DB4E281084D99C005E7765 /* index.html */ = {isa = PBXFileReference; fileEncoding = 4; lastKnownFileType = text.html.documentation; path = index.html; sourceTree = "<group>"; };
		65DB4E291084D99C005E7765 /* linux.cfg.txt */ = {isa = PBXFileReference; fileEncoding = 4; lastKnownFileType = text; path = linux.cfg.txt; sourceTree = "<group>"; };
		65DB4E2A1084D99C005E7765 /* project-support.jpg */ = {isa = PBXFileReference; lastKnownFileType = image.jpeg; path = "project-support.jpg"; sourceTree = "<group>"; };
		65DB4E2B1084D99C005E7765 /* uncrustify.css */ = {isa = PBXFileReference; fileEncoding = 4; lastKnownFileType = text.css; path = uncrustify.css; sourceTree = "<group>"; };
		65DB4E2C1084D99C005E7765 /* uncrustify.html */ = {isa = PBXFileReference; fileEncoding = 4; lastKnownFileType = text.html.documentation; path = uncrustify.html; sourceTree = "<group>"; };
		89794F7114544FD900E38ACC /* unc_text.cpp */ = {isa = PBXFileReference; fileEncoding = 4; lastKnownFileType = sourcecode.cpp.cpp; path = unc_text.cpp; sourceTree = "<group>"; };
		89794F731454502900E38ACC /* unicode.cpp */ = {isa = PBXFileReference; fileEncoding = 4; lastKnownFileType = sourcecode.cpp.cpp; path = unicode.cpp; sourceTree = "<group>"; };
		8DD76F6C0486A84900D96B5E /* uncrustify */ = {isa = PBXFileReference; explicitFileType = "compiled.mach-o.executable"; includeInIndex = 0; path = uncrustify; sourceTree = BUILT_PRODUCTS_DIR; };
/* End PBXFileReference section */

/* Begin PBXFrameworksBuildPhase section */
		8DD76F660486A84900D96B5E /* Frameworks */ = {
			isa = PBXFrameworksBuildPhase;
			buildActionMask = 2147483647;
			files = (
			);
			runOnlyForDeploymentPostprocessing = 0;
		};
/* End PBXFrameworksBuildPhase section */

/* Begin PBXGroup section */
		08FB7794FE84155DC02AAC07 /* uncrustify */ = {
			isa = PBXGroup;
			children = (
				08FB7795FE84155DC02AAC07 /* Source */,
				C6859E8C029090F304C91782 /* Documentation */,
				655362A6107EB5E600E08A01 /* Other Sources */,
				1AB674ADFE9D54B511CA2CBB /* Products */,
			);
			name = uncrustify;
			sourceTree = "<group>";
		};
		08FB7795FE84155DC02AAC07 /* Source */ = {
			isa = PBXGroup;
			children = (
				6553680E107EB7FA00E08A01 /* src */,
			);
			name = Source;
			sourceTree = "<group>";
		};
		1AB674ADFE9D54B511CA2CBB /* Products */ = {
			isa = PBXGroup;
			children = (
				8DD76F6C0486A84900D96B5E /* uncrustify */,
			);
			name = Products;
			sourceTree = "<group>";
		};
		655362A6107EB5E600E08A01 /* Other Sources */ = {
			isa = PBXGroup;
			children = (
				0A883D1D1D23642F00E8F3C6 /* etc */,
				0A883D1E1D23642F00E8F3C6 /* scripts */,
				0A883D1F1D23642F00E8F3C6 /* tests */,
				0A883D201D23642F00E8F3C6 /* win32 */,
				0A883D211D23643C00E8F3C6 /* osx */,
				0A883D221D23E3A200E8F3C6 /* aclocal.m4 */,
				655362AD107EB67900E08A01 /* autogen.sh */,
				0A883D241D23E3A200E8F3C6 /* CMakeLists.txt */,
				0A883D251D23E3A200E8F3C6 /* Comments.txt */,
				0A883D261D23E3A200E8F3C6 /* commit.log */,
				0A883D271D23E3A200E8F3C6 /* compile */,
				0A883D281D23E3A200E8F3C6 /* config.guess */,
				0A883D291D23E3A200E8F3C6 /* config.log */,
				0A883D2A1D23E3A200E8F3C6 /* config.status */,
				0A883D2B1D23E3A200E8F3C6 /* config.sub */,
				0A883D2C1D23E3A200E8F3C6 /* configure */,
				0A883D2D1D23E3A200E8F3C6 /* configure.ac */,
				0A883D2E1D23E3A300E8F3C6 /* extras.vpj */,
				0A883D2F1D23E3A300E8F3C6 /* forUncrustifySources.cfg */,
				0A883D301D23E3A300E8F3C6 /* forUncrustifySources.txt */,
				0A883D311D23E3A300E8F3C6 /* install-sh */,
				655362B0107EB67900E08A01 /* make_token_names.sh */,
				0A883D321D23E3A300E8F3C6 /* make_version.py */,
				0A883D331D23E3A300E8F3C6 /* make_win32.sh */,
				0A883D341D23E3A300E8F3C6 /* Makefile */,
				0A883D351D23E3A300E8F3C6 /* Makefile.am */,
				655362AA107EB67900E08A01 /* Makefile.in */,
				0A883D361D23E3A300E8F3C6 /* missing */,
				0A883D371D23E3A300E8F3C6 /* package.json */,
				655362AB107EB67900E08A01 /* release-steps.txt */,
				655362B1107EB67900E08A01 /* run_tests.sh */,
				0A883D381D23E3A300E8F3C6 /* test-driver */,
				0A883D391D23E3A300E8F3C6 /* TESTING */,
				0A883D3A1D23E3A300E8F3C6 /* uncrustify.vpj */,
				0A883D3B1D23E3A300E8F3C6 /* uncrustify.vpw */,
				0A883D3C1D23E3A300E8F3C6 /* working.txt */,
			);
			includeInIndex = 0;
			name = "Other Sources";
			sourceTree = "<group>";
		};
		655367C8107EB73F00E08A01 /* man */ = {
			isa = PBXGroup;
			children = (
				655367C9107EB73F00E08A01 /* Makefile.am */,
				655367CA107EB73F00E08A01 /* Makefile.in */,
				655367CB107EB73F00E08A01 /* uncrustify.1 */,
			);
			path = man;
			sourceTree = "<group>";
		};
		6553680E107EB7FA00E08A01 /* src */ = {
			isa = PBXGroup;
			children = (
				6553680F107EB7FA00E08A01 /* align.cpp */,
				65536810107EB7FA00E08A01 /* align_stack.cpp */,
				65536812107EB7FA00E08A01 /* args.cpp */,
				65536814107EB7FA00E08A01 /* backup.cpp */,
				65536817107EB7FA00E08A01 /* brace_cleanup.cpp */,
				65536818107EB7FA00E08A01 /* braces.cpp */,
				6553681A107EB7FA00E08A01 /* chunk_list.cpp */,
				6553681C107EB7FA00E08A01 /* ChunkStack.cpp */,
				6553681E107EB7FA00E08A01 /* combine.cpp */,
				3DFFDA26154983A800A1185B /* compat_posix.cpp */,
				65536822107EB7FA00E08A01 /* defines.cpp */,
				65536823107EB7FA00E08A01 /* detect.cpp */,
				65536824107EB7FA00E08A01 /* indent.cpp */,
				65536825107EB7FA00E08A01 /* keywords.cpp */,
				65536826107EB7FA00E08A01 /* lang_pawn.cpp */,
				65536829107EB7FA00E08A01 /* logger.cpp */,
				6553682B107EB7FA00E08A01 /* logmask.cpp */,
				6553682F107EB7FA00E08A01 /* md5.cpp */,
				65536831107EB7FA00E08A01 /* newlines.cpp */,
				65536832107EB7FA00E08A01 /* options.cpp */,
				0ACE70481CB83EA800F7EC83 /* options_for_QT.cpp */,
				65536834107EB7FA00E08A01 /* output.cpp */,
				65536835107EB7FA00E08A01 /* parens.cpp */,
				65536836107EB7FA00E08A01 /* parse_frame.cpp */,
				65536838107EB7FA00E08A01 /* punctuators.cpp */,
				6553683A107EB7FA00E08A01 /* semicolons.cpp */,
				6553683B107EB7FA00E08A01 /* sorting.cpp */,
				6553683C107EB7FA00E08A01 /* space.cpp */,
				6553683F107EB7FA00E08A01 /* tokenize.cpp */,
				65536840107EB7FA00E08A01 /* tokenize_cleanup.cpp */,
				89794F7114544FD900E38ACC /* unc_text.cpp */,
				0A883D421D2404EC00E8F3C6 /* unc_tools.cpp */,
				65536842107EB7FA00E08A01 /* uncrustify.cpp */,
				89794F731454502900E38ACC /* unicode.cpp */,
				65536845107EB7FA00E08A01 /* universalindentgui.cpp */,
				65536846107EB7FA00E08A01 /* width.cpp */,
				65536811107EB7FA00E08A01 /* align_stack.h */,
				65536813107EB7FA00E08A01 /* args.h */,
				65536815107EB7FA00E08A01 /* backup.h */,
				65536816107EB7FA00E08A01 /* base_types.h */,
				65536819107EB7FA00E08A01 /* char_table.h */,
				6553681B107EB7FA00E08A01 /* chunk_list.h */,
				6553681D107EB7FA00E08A01 /* ChunkStack.h */,
				6553681F107EB7FA00E08A01 /* config.h */,
				65536827107EB7FA00E08A01 /* ListManager.h */,
				65536828107EB7FA00E08A01 /* log_levels.h */,
				6553682A107EB7FA00E08A01 /* logger.h */,
				6553682C107EB7FA00E08A01 /* logmask.h */,
				65536830107EB7FA00E08A01 /* md5.h */,
				65536833107EB7FA00E08A01 /* options.h */,
				0ACE70491CB83EA800F7EC83 /* options_for_QT.h */,
				65536837107EB7FA00E08A01 /* prototypes.h */,
				65536839107EB7FA00E08A01 /* punctuators.h */,
				6553683D107EB7FA00E08A01 /* token_enum.h */,
				6553683E107EB7FA00E08A01 /* token_names.h */,
				65536841107EB7FA00E08A01 /* unc_ctype.h */,
				0A883D411D2404EC00E8F3C6 /* unc_text.h */,
				0A883D431D2404EC00E8F3C6 /* unc_tools.h */,
				65536843107EB7FA00E08A01 /* uncrustify_types.h */,
				65536844107EB7FA00E08A01 /* uncrustify_version.h */,
				65536820107EB7FA00E08A01 /* config.h.in */,
				0A883D3E1D2404BB00E8F3C6 /* Makefile */,
				0A883D401D2404EC00E8F3C6 /* stamp-h1 */,
				0A883D441D2404EC00E8F3C6 /* uncrustify_version.h.in */,
				6553682D107EB7FA00E08A01 /* Makefile.am */,
				6553682E107EB7FA00E08A01 /* Makefile.in */,
			);
			path = src;
			sourceTree = "<group>";
		};
		65B887E71082CBDE00D10769 /* theory */ = {
			isa = PBXGroup;
			children = (
				65B887C61082CBBD00D10769 /* example.c */,
				65B887C81082CBBD00D10769 /* align-thresholds.txt */,
				65B887C91082CBBD00D10769 /* goals.txt */,
				65B887CA1082CBBD00D10769 /* paren_stack.txt */,
				65B887CB1082CBBD00D10769 /* theory.txt */,
			);
			name = theory;
			sourceTree = "<group>";
		};
		65DB4E1C1084D99C005E7765 /* htdocs */ = {
			isa = PBXGroup;
			children = (
				65DB4E1D1084D99C005E7765 /* ben.cfg.txt */,
				65DB4E1E1084D99C005E7765 /* ChangeLog */,
				65DB4E1F1084D99C005E7765 /* config.txt */,
				65DB4E201084D99C005E7765 /* configuration.txt */,
				65DB4E211084D99C005E7765 /* default.cfg */,
				65DB4E221084D99C005E7765 /* examples */,
				65DB4E261084D99C005E7765 /* images */,
				65DB4E281084D99C005E7765 /* index.html */,
				65DB4E291084D99C005E7765 /* linux.cfg.txt */,
				65DB4E2A1084D99C005E7765 /* project-support.jpg */,
				65DB4E2B1084D99C005E7765 /* uncrustify.css */,
				65DB4E2C1084D99C005E7765 /* uncrustify.html */,
			);
			name = htdocs;
			path = documentation/htdocs;
			sourceTree = "<group>";
		};
		65DB4E221084D99C005E7765 /* examples */ = {
			isa = PBXGroup;
			children = (
				65DB4E231084D99C005E7765 /* c-1.in.c */,
				65DB4E241084D99C005E7765 /* c-1.out.c */,
				65DB4E251084D99C005E7765 /* example.c */,
			);
			path = examples;
			sourceTree = "<group>";
		};
		65DB4E261084D99C005E7765 /* images */ = {
			isa = PBXGroup;
			children = (
				65DB4E271084D99C005E7765 /* linuxlinks.gif */,
			);
			path = images;
			sourceTree = "<group>";
		};
		C6859E8C029090F304C91782 /* Documentation */ = {
			isa = PBXGroup;
			children = (
				65DB4E1C1084D99C005E7765 /* htdocs */,
				655367C8107EB73F00E08A01 /* man */,
				65B887E71082CBDE00D10769 /* theory */,
				6553629F107EB5B800E08A01 /* AUTHORS */,
				655362A0107EB5B900E08A01 /* BUGS */,
				655362A1107EB5B900E08A01 /* COPYING */,
				655362A2107EB5B900E08A01 /* HELP */,
				655362A3107EB5B900E08A01 /* INSTALL */,
				655362A4107EB5B900E08A01 /* NEWS */,
				655362A5107EB5B900E08A01 /* README.md */,
			);
			name = Documentation;
			sourceTree = "<group>";
		};
/* End PBXGroup section */

/* Begin PBXNativeTarget section */
		8DD76F620486A84900D96B5E /* uncrustify */ = {
			isa = PBXNativeTarget;
			buildConfigurationList = 1DEB923108733DC60010E9CD /* Build configuration list for PBXNativeTarget "uncrustify" */;
			buildPhases = (
				656E288E1082F847007F873A /* Replace personal objc.cfg (disabled) */,
				656E28731082F71E007F873A /* Generate token_names.h */,
				8DD76F640486A84900D96B5E /* Sources */,
				8DD76F660486A84900D96B5E /* Frameworks */,
				8DD76F690486A84900D96B5E /* Install Man Page */,
				65DB4DD61084D563005E7765 /* Copy to 'src' where tests expect it */,
				657D87ED10895CB200C5E4AB /* Run tests via run_tests.py (disabled) */,
			);
			buildRules = (
			);
			dependencies = (
			);
			name = uncrustify;
			productInstallPath = "$(HOME)/bin";
			productName = uncrustify;
			productReference = 8DD76F6C0486A84900D96B5E /* uncrustify */;
			productType = "com.apple.product-type.tool";
		};
/* End PBXNativeTarget section */

/* Begin PBXProject section */
		08FB7793FE84155DC02AAC07 /* Project object */ = {
			isa = PBXProject;
			attributes = {
				LastUpgradeCheck = 0730;
			};
			buildConfigurationList = 1DEB923508733DC60010E9CD /* Build configuration list for PBXProject "uncrustify" */;
			compatibilityVersion = "Xcode 3.2";
			developmentRegion = English;
			hasScannedForEncodings = 1;
			knownRegions = (
				English,
				Japanese,
				French,
				German,
			);
			mainGroup = 08FB7794FE84155DC02AAC07 /* uncrustify */;
			projectDirPath = "";
			projectRoot = "";
			targets = (
				8DD76F620486A84900D96B5E /* uncrustify */,
			);
		};
/* End PBXProject section */

/* Begin PBXShellScriptBuildPhase section */
		656E28731082F71E007F873A /* Generate token_names.h */ = {
			isa = PBXShellScriptBuildPhase;
			buildActionMask = 2147483647;
			files = (
			);
			inputPaths = (
			);
			name = "Generate token_names.h";
			outputPaths = (
			);
			runOnlyForDeploymentPostprocessing = 0;
			shellPath = /bin/sh;
			shellScript = "echo \"Generating token_names.h ...\"\n\"${PROJECT_DIR}/make_token_names.sh\"";
		};
		656E288E1082F847007F873A /* Replace personal objc.cfg (disabled) */ = {
			isa = PBXShellScriptBuildPhase;
			buildActionMask = 8;
			files = (
			);
			inputPaths = (
			);
			name = "Replace personal objc.cfg (disabled)";
			outputPaths = (
			);
			runOnlyForDeploymentPostprocessing = 1;
			shellPath = /bin/sh;
			shellScript = "# // !!! Andre Berg 20091012: Don't worry about this script phase...\n# this just copies the objc.cfg file I work on over to the project dir because I almost always forget it\n# before building...\n\n#if [[ -e ~/.uncrustify/objc.cfg ]]; then\n#\techo \"Replacing project copy of objc.cfg with personal one\"\n#\tcp -f ~/.uncrustify/objc.cfg \"${PROJECT_DIR}/etc/objc.cfg\"\n#fi";
		};
		657D87ED10895CB200C5E4AB /* Run tests via run_tests.py (disabled) */ = {
			isa = PBXShellScriptBuildPhase;
			buildActionMask = 8;
			files = (
			);
			inputPaths = (
			);
			name = "Run tests via run_tests.py (disabled)";
			outputPaths = (
			);
			runOnlyForDeploymentPostprocessing = 1;
			shellPath = /bin/sh;
			shellScript = "# if [[ -x \"${PROJECT_DIR}/tests/results\" ]]; then\n#   echo 'Removing \"tests/results...\"'\n#   rm -rf \"${PROJECT_DIR}/tests/results\"\n# fi\n# \n# if [[ -f \"${PROJECT_DIR}/tests/difftest.patch\" ]]; then\n#   echo 'Removing \"tests/difftest.patch...\"'\n#   rm \"${PROJECT_DIR}/tests/difftest.patch\"\n# fi\n# \n# echo \"Running unit tests via tests/run_tests.py...\"\n# cd \"${PROJECT_DIR}/tests\"\n# TESTS_RESULT=`python \"run_tests.py\"`\n# \n# \n# if [[ $TESTS_RESULT =~ \"FAILED\" || $? == 1 ]]; then\n#   echo \"Tests seem to have failed (output contains \\\"FAILED\\\" or exit status non-zero). Generating difftest.patch...\"\n#   ./difftest.sh > difftest.patch\n# fi";
		};
/* End PBXShellScriptBuildPhase section */

/* Begin PBXSourcesBuildPhase section */
		8DD76F640486A84900D96B5E /* Sources */ = {
			isa = PBXSourcesBuildPhase;
			buildActionMask = 2147483647;
			files = (
				65536847107EB7FA00E08A01 /* align.cpp in Sources */,
				65536848107EB7FA00E08A01 /* align_stack.cpp in Sources */,
				65536849107EB7FA00E08A01 /* args.cpp in Sources */,
				6553684A107EB7FA00E08A01 /* backup.cpp in Sources */,
				6553684B107EB7FA00E08A01 /* brace_cleanup.cpp in Sources */,
				6553684C107EB7FA00E08A01 /* braces.cpp in Sources */,
				0A883D3F1D2404BB00E8F3C6 /* Makefile in Sources */,
				6553684D107EB7FA00E08A01 /* chunk_list.cpp in Sources */,
				6553684E107EB7FA00E08A01 /* ChunkStack.cpp in Sources */,
				6553684F107EB7FA00E08A01 /* combine.cpp in Sources */,
				65536851107EB7FA00E08A01 /* defines.cpp in Sources */,
				65536852107EB7FA00E08A01 /* detect.cpp in Sources */,
				65536853107EB7FA00E08A01 /* indent.cpp in Sources */,
				65536854107EB7FA00E08A01 /* keywords.cpp in Sources */,
				65536855107EB7FA00E08A01 /* lang_pawn.cpp in Sources */,
				65536856107EB7FA00E08A01 /* logger.cpp in Sources */,
				65536857107EB7FA00E08A01 /* logmask.cpp in Sources */,
				65536858107EB7FA00E08A01 /* md5.cpp in Sources */,
				65536859107EB7FA00E08A01 /* newlines.cpp in Sources */,
				0A883D3D1D23E3A300E8F3C6 /* Makefile in Sources */,
				0A883D451D2404EC00E8F3C6 /* unc_tools.cpp in Sources */,
				6553685A107EB7FA00E08A01 /* options.cpp in Sources */,
				0ACE704A1CB83EA800F7EC83 /* options_for_QT.cpp in Sources */,
				6553685B107EB7FA00E08A01 /* output.cpp in Sources */,
				6553685C107EB7FA00E08A01 /* parens.cpp in Sources */,
				6553685D107EB7FA00E08A01 /* parse_frame.cpp in Sources */,
				6553685E107EB7FA00E08A01 /* punctuators.cpp in Sources */,
				6553685F107EB7FA00E08A01 /* semicolons.cpp in Sources */,
				65536860107EB7FA00E08A01 /* sorting.cpp in Sources */,
				65536861107EB7FA00E08A01 /* space.cpp in Sources */,
				65536862107EB7FA00E08A01 /* tokenize.cpp in Sources */,
				65536863107EB7FA00E08A01 /* tokenize_cleanup.cpp in Sources */,
				89794F7214544FD900E38ACC /* unc_text.cpp in Sources */,
				65536864107EB7FA00E08A01 /* uncrustify.cpp in Sources */,
				89794F741454502900E38ACC /* unicode.cpp in Sources */,
				65536865107EB7FA00E08A01 /* universalindentgui.cpp in Sources */,
				65536866107EB7FA00E08A01 /* width.cpp in Sources */,
				3DFFDA27154983A800A1185B /* compat_posix.cpp in Sources */,
			);
			runOnlyForDeploymentPostprocessing = 0;
		};
/* End PBXSourcesBuildPhase section */

/* Begin XCBuildConfiguration section */
		1DEB923208733DC60010E9CD /* Debug */ = {
			isa = XCBuildConfiguration;
			buildSettings = {
				ALWAYS_SEARCH_USER_PATHS = NO;
				COPY_PHASE_STRIP = NO;
				GCC_DYNAMIC_NO_PIC = NO;
				GCC_MODEL_TUNING = G5;
				GCC_OPTIMIZATION_LEVEL = 0;
				GCC_PREPROCESSOR_DEFINITIONS = HAVE_CONFIG_H;
				GCC_VERSION = com.apple.compilers.llvm.clang.1_0;
				INSTALL_PATH = /usr/local/bin;
				PRODUCT_NAME = uncrustify;
				SDKROOT = "";
			};
			name = Debug;
		};
		1DEB923308733DC60010E9CD /* Release */ = {
			isa = XCBuildConfiguration;
			buildSettings = {
				ALWAYS_SEARCH_USER_PATHS = NO;
				DEBUG_INFORMATION_FORMAT = "dwarf-with-dsym";
				GCC_MODEL_TUNING = G5;
				GCC_PREPROCESSOR_DEFINITIONS = HAVE_CONFIG_H;
				GCC_VERSION = com.apple.compilers.llvm.clang.1_0;
				INSTALL_PATH = /usr/local/bin;
				PRODUCT_NAME = uncrustify;
				SDKROOT = "";
			};
			name = Release;
		};
		1DEB923608733DC60010E9CD /* Debug */ = {
			isa = XCBuildConfiguration;
			buildSettings = {
				CLANG_WARN_BOOL_CONVERSION = YES;
				CLANG_WARN_CONSTANT_CONVERSION = YES;
				CLANG_WARN_EMPTY_BODY = YES;
				CLANG_WARN_ENUM_CONVERSION = YES;
				CLANG_WARN_INT_CONVERSION = YES;
				CLANG_WARN_UNREACHABLE_CODE = YES;
				CLANG_WARN__DUPLICATE_METHOD_MATCH = YES;
				ENABLE_STRICT_OBJC_MSGSEND = YES;
				ENABLE_TESTABILITY = YES;
				GCC_C_LANGUAGE_STANDARD = gnu99;
				GCC_NO_COMMON_BLOCKS = YES;
				GCC_OPTIMIZATION_LEVEL = 0;
				GCC_VERSION = com.apple.compilers.llvm.clang.1_0;
				GCC_WARN_64_TO_32_BIT_CONVERSION = NO;
				GCC_WARN_ABOUT_RETURN_TYPE = YES;
				GCC_WARN_UNDECLARED_SELECTOR = YES;
				GCC_WARN_UNINITIALIZED_AUTOS = YES;
				GCC_WARN_UNUSED_FUNCTION = YES;
				GCC_WARN_UNUSED_VARIABLE = YES;
				ONLY_ACTIVE_ARCH = YES;
				SDKROOT = macosx;
			};
			name = Debug;
		};
		1DEB923708733DC60010E9CD /* Release */ = {
			isa = XCBuildConfiguration;
			buildSettings = {
				CLANG_WARN_BOOL_CONVERSION = YES;
				CLANG_WARN_CONSTANT_CONVERSION = YES;
				CLANG_WARN_EMPTY_BODY = YES;
				CLANG_WARN_ENUM_CONVERSION = YES;
				CLANG_WARN_INT_CONVERSION = YES;
				CLANG_WARN_UNREACHABLE_CODE = YES;
				CLANG_WARN__DUPLICATE_METHOD_MATCH = YES;
				ENABLE_STRICT_OBJC_MSGSEND = YES;
				GCC_C_LANGUAGE_STANDARD = gnu99;
				GCC_NO_COMMON_BLOCKS = YES;
				GCC_VERSION = com.apple.compilers.llvm.clang.1_0;
				GCC_WARN_64_TO_32_BIT_CONVERSION = NO;
				GCC_WARN_ABOUT_RETURN_TYPE = YES;
				GCC_WARN_UNDECLARED_SELECTOR = YES;
				GCC_WARN_UNINITIALIZED_AUTOS = YES;
				GCC_WARN_UNUSED_FUNCTION = YES;
				GCC_WARN_UNUSED_VARIABLE = YES;
				SDKROOT = macosx;
			};
			name = Release;
		};
		6553622D107EB39900E08A01 /* Install */ = {
			isa = XCBuildConfiguration;
			buildSettings = {
				CLANG_WARN_BOOL_CONVERSION = YES;
				CLANG_WARN_CONSTANT_CONVERSION = YES;
				CLANG_WARN_EMPTY_BODY = YES;
				CLANG_WARN_ENUM_CONVERSION = YES;
				CLANG_WARN_INT_CONVERSION = YES;
				CLANG_WARN_UNREACHABLE_CODE = YES;
				CLANG_WARN__DUPLICATE_METHOD_MATCH = YES;
				ENABLE_STRICT_OBJC_MSGSEND = YES;
				GCC_C_LANGUAGE_STANDARD = gnu99;
				GCC_NO_COMMON_BLOCKS = YES;
				GCC_VERSION = com.apple.compilers.llvm.clang.1_0;
				GCC_WARN_64_TO_32_BIT_CONVERSION = NO;
				GCC_WARN_ABOUT_RETURN_TYPE = YES;
				GCC_WARN_UNDECLARED_SELECTOR = YES;
				GCC_WARN_UNINITIALIZED_AUTOS = YES;
				GCC_WARN_UNUSED_FUNCTION = YES;
				GCC_WARN_UNUSED_VARIABLE = YES;
				SDKROOT = macosx;
			};
			name = Install;
		};
		6553622E107EB39900E08A01 /* Install */ = {
			isa = XCBuildConfiguration;
			buildSettings = {
				ALWAYS_SEARCH_USER_PATHS = NO;
				DEBUG_INFORMATION_FORMAT = "dwarf-with-dsym";
				DEPLOYMENT_LOCATION = YES;
				DEPLOYMENT_POSTPROCESSING = YES;
				DSTROOT = /;
				GCC_MODEL_TUNING = G5;
				GCC_PREPROCESSOR_DEFINITIONS = HAVE_CONFIG_H;
				GCC_VERSION = com.apple.compilers.llvm.clang.1_0;
				INSTALL_PATH = /usr/local/bin;
				PRODUCT_NAME = uncrustify;
				SDKROOT = "";
				SEPARATE_STRIP = YES;
				STRIP_INSTALLED_PRODUCT = YES;
			};
			name = Install;
		};
		65DB4E4D1084DBB7005E7765 /* Debug Clang */ = {
			isa = XCBuildConfiguration;
			buildSettings = {
				CLANG_WARN_BOOL_CONVERSION = YES;
				CLANG_WARN_CONSTANT_CONVERSION = YES;
				CLANG_WARN_EMPTY_BODY = YES;
				CLANG_WARN_ENUM_CONVERSION = YES;
				CLANG_WARN_INT_CONVERSION = YES;
				CLANG_WARN_UNREACHABLE_CODE = YES;
				CLANG_WARN__DUPLICATE_METHOD_MATCH = YES;
				ENABLE_STRICT_OBJC_MSGSEND = YES;
				ENABLE_TESTABILITY = YES;
				GCC_C_LANGUAGE_STANDARD = gnu99;
				GCC_NO_COMMON_BLOCKS = YES;
				GCC_OPTIMIZATION_LEVEL = 0;
				GCC_VERSION = com.apple.compilers.llvm.clang.1_0;
				GCC_WARN_64_TO_32_BIT_CONVERSION = NO;
				GCC_WARN_ABOUT_RETURN_TYPE = YES;
				GCC_WARN_UNDECLARED_SELECTOR = YES;
				GCC_WARN_UNINITIALIZED_AUTOS = YES;
				GCC_WARN_UNUSED_FUNCTION = YES;
				GCC_WARN_UNUSED_VARIABLE = YES;
				ONLY_ACTIVE_ARCH = YES;
				SDKROOT = macosx;
			};
			name = "Debug Clang";
		};
		65DB4E4E1084DBB7005E7765 /* Debug Clang */ = {
			isa = XCBuildConfiguration;
			buildSettings = {
				ALWAYS_SEARCH_USER_PATHS = NO;
				COPY_PHASE_STRIP = NO;
				GCC_DYNAMIC_NO_PIC = NO;
				GCC_MODEL_TUNING = G5;
				GCC_OPTIMIZATION_LEVEL = 0;
				GCC_PREPROCESSOR_DEFINITIONS = HAVE_CONFIG_H;
				GCC_VERSION = com.apple.compilers.llvm.clang.1_0;
				INSTALL_PATH = /usr/local/bin;
				PRODUCT_NAME = uncrustify;
				SDKROOT = "";
			};
			name = "Debug Clang";
		};
		65DB4E4F1084DBC2005E7765 /* Release Clang */ = {
			isa = XCBuildConfiguration;
			buildSettings = {
				CLANG_WARN_BOOL_CONVERSION = YES;
				CLANG_WARN_CONSTANT_CONVERSION = YES;
				CLANG_WARN_EMPTY_BODY = YES;
				CLANG_WARN_ENUM_CONVERSION = YES;
				CLANG_WARN_INT_CONVERSION = YES;
				CLANG_WARN_UNREACHABLE_CODE = YES;
				CLANG_WARN__DUPLICATE_METHOD_MATCH = YES;
				ENABLE_STRICT_OBJC_MSGSEND = YES;
				GCC_C_LANGUAGE_STANDARD = gnu99;
				GCC_NO_COMMON_BLOCKS = YES;
				GCC_VERSION = com.apple.compilers.llvm.clang.1_0;
				GCC_WARN_64_TO_32_BIT_CONVERSION = NO;
				GCC_WARN_ABOUT_RETURN_TYPE = YES;
				GCC_WARN_UNDECLARED_SELECTOR = YES;
				GCC_WARN_UNINITIALIZED_AUTOS = YES;
				GCC_WARN_UNUSED_FUNCTION = YES;
				GCC_WARN_UNUSED_VARIABLE = YES;
				SDKROOT = macosx;
			};
			name = "Release Clang";
		};
		65DB4E501084DBC2005E7765 /* Release Clang */ = {
			isa = XCBuildConfiguration;
			buildSettings = {
				ALWAYS_SEARCH_USER_PATHS = NO;
				DEBUG_INFORMATION_FORMAT = "dwarf-with-dsym";
				GCC_MODEL_TUNING = G5;
				GCC_PREPROCESSOR_DEFINITIONS = HAVE_CONFIG_H;
				GCC_VERSION = com.apple.compilers.llvm.clang.1_0;
				INSTALL_PATH = /usr/local/bin;
				PRODUCT_NAME = uncrustify;
				SDKROOT = "";
			};
			name = "Release Clang";
		};
/* End XCBuildConfiguration section */

/* Begin XCConfigurationList section */
		1DEB923108733DC60010E9CD /* Build configuration list for PBXNativeTarget "uncrustify" */ = {
			isa = XCConfigurationList;
			buildConfigurations = (
				1DEB923208733DC60010E9CD /* Debug */,
				65DB4E4E1084DBB7005E7765 /* Debug Clang */,
				1DEB923308733DC60010E9CD /* Release */,
				65DB4E501084DBC2005E7765 /* Release Clang */,
				6553622E107EB39900E08A01 /* Install */,
			);
			defaultConfigurationIsVisible = 0;
			defaultConfigurationName = Release;
		};
		1DEB923508733DC60010E9CD /* Build configuration list for PBXProject "uncrustify" */ = {
			isa = XCConfigurationList;
			buildConfigurations = (
				1DEB923608733DC60010E9CD /* Debug */,
				65DB4E4D1084DBB7005E7765 /* Debug Clang */,
				1DEB923708733DC60010E9CD /* Release */,
				65DB4E4F1084DBC2005E7765 /* Release Clang */,
				6553622D107EB39900E08A01 /* Install */,
			);
			defaultConfigurationIsVisible = 0;
			defaultConfigurationName = Release;
		};
/* End XCConfigurationList section */
	};
	rootObject = 08FB7793FE84155DC02AAC07 /* Project object */;
}
